// !$*UTF8*$!
{
	archiveVersion = 1;
	classes = {
	};
	objectVersion = 56;
	objects = {

/* Begin PBXBuildFile section */
		DE556F72293BC78C00100808 /* AppDelegate.swift in Sources */ = {isa = PBXBuildFile; fileRef = DE556F71293BC78C00100808 /* AppDelegate.swift */; };
		DE556F7B293BC78D00100808 /* Assets.xcassets in Resources */ = {isa = PBXBuildFile; fileRef = DE556F7A293BC78D00100808 /* Assets.xcassets */; };
		DE556F7E293BC78D00100808 /* LaunchScreen.storyboard in Resources */ = {isa = PBXBuildFile; fileRef = DE556F7C293BC78D00100808 /* LaunchScreen.storyboard */; };
		DE556F89293BC78D00100808 /* Bitcoin_iOSTests.swift in Sources */ = {isa = PBXBuildFile; fileRef = DE556F88293BC78D00100808 /* Bitcoin_iOSTests.swift */; };
		DE556FA8293BC88800100808 /* BitcoinListViewController.swift in Sources */ = {isa = PBXBuildFile; fileRef = DE556FA6293BC88800100808 /* BitcoinListViewController.swift */; };
		DE556FA9293BC88800100808 /* BitcoinListViewController.xib in Resources */ = {isa = PBXBuildFile; fileRef = DE556FA7293BC88800100808 /* BitcoinListViewController.xib */; };
		DE556FF2293C11DE00100808 /* BitcoinDetailViewController.swift in Sources */ = {isa = PBXBuildFile; fileRef = DE556FF0293C11DE00100808 /* BitcoinDetailViewController.swift */; };
		DE556FF3293C11DE00100808 /* BitcoinDetailViewController.xib in Resources */ = {isa = PBXBuildFile; fileRef = DE556FF1293C11DE00100808 /* BitcoinDetailViewController.xib */; };
		DE55701A293C2FFC00100808 /* Domain.framework in Frameworks */ = {isa = PBXBuildFile; fileRef = DE557019293C2FFC00100808 /* Domain.framework */; };
		DE55701B293C2FFC00100808 /* Domain.framework in Embed Frameworks */ = {isa = PBXBuildFile; fileRef = DE557019293C2FFC00100808 /* Domain.framework */; settings = {ATTRIBUTES = (CodeSignOnCopy, RemoveHeadersOnCopy, ); }; };
		DE55701E293C2FFF00100808 /* HTTPNetwork.framework in Frameworks */ = {isa = PBXBuildFile; fileRef = DE55701D293C2FFF00100808 /* HTTPNetwork.framework */; };
		DE55701F293C2FFF00100808 /* HTTPNetwork.framework in Embed Frameworks */ = {isa = PBXBuildFile; fileRef = DE55701D293C2FFF00100808 /* HTTPNetwork.framework */; settings = {ATTRIBUTES = (CodeSignOnCopy, RemoveHeadersOnCopy, ); }; };
/* End PBXBuildFile section */

/* Begin PBXContainerItemProxy section */
		DE556F85293BC78D00100808 /* PBXContainerItemProxy */ = {
			isa = PBXContainerItemProxy;
			containerPortal = DE556F66293BC78C00100808 /* Project object */;
			proxyType = 1;
			remoteGlobalIDString = DE556F6D293BC78C00100808;
			remoteInfo = "Bitcoin-iOS";
		};
/* End PBXContainerItemProxy section */

/* Begin PBXCopyFilesBuildPhase section */
		DE55701C293C2FFD00100808 /* Embed Frameworks */ = {
			isa = PBXCopyFilesBuildPhase;
			buildActionMask = 2147483647;
			dstPath = "";
			dstSubfolderSpec = 10;
			files = (
				DE55701B293C2FFC00100808 /* Domain.framework in Embed Frameworks */,
				DE55701F293C2FFF00100808 /* HTTPNetwork.framework in Embed Frameworks */,
			);
			name = "Embed Frameworks";
			runOnlyForDeploymentPostprocessing = 0;
		};
/* End PBXCopyFilesBuildPhase section */

/* Begin PBXFileReference section */
		DE556F6E293BC78C00100808 /* Bitcoin-iOS.app */ = {isa = PBXFileReference; explicitFileType = wrapper.application; includeInIndex = 0; path = "Bitcoin-iOS.app"; sourceTree = BUILT_PRODUCTS_DIR; };
		DE556F71293BC78C00100808 /* AppDelegate.swift */ = {isa = PBXFileReference; lastKnownFileType = sourcecode.swift; path = AppDelegate.swift; sourceTree = "<group>"; };
		DE556F7A293BC78D00100808 /* Assets.xcassets */ = {isa = PBXFileReference; lastKnownFileType = folder.assetcatalog; path = Assets.xcassets; sourceTree = "<group>"; };
		DE556F7D293BC78D00100808 /* Base */ = {isa = PBXFileReference; lastKnownFileType = file.storyboard; name = Base; path = Base.lproj/LaunchScreen.storyboard; sourceTree = "<group>"; };
		DE556F7F293BC78D00100808 /* Info.plist */ = {isa = PBXFileReference; lastKnownFileType = text.plist.xml; path = Info.plist; sourceTree = "<group>"; };
		DE556F84293BC78D00100808 /* Bitcoin-iOSTests.xctest */ = {isa = PBXFileReference; explicitFileType = wrapper.cfbundle; includeInIndex = 0; path = "Bitcoin-iOSTests.xctest"; sourceTree = BUILT_PRODUCTS_DIR; };
		DE556F88293BC78D00100808 /* Bitcoin_iOSTests.swift */ = {isa = PBXFileReference; lastKnownFileType = sourcecode.swift; path = Bitcoin_iOSTests.swift; sourceTree = "<group>"; };
		DE556FA2293BC86500100808 /* Domain.framework */ = {isa = PBXFileReference; explicitFileType = wrapper.framework; path = Domain.framework; sourceTree = BUILT_PRODUCTS_DIR; };
		DE556FA6293BC88800100808 /* BitcoinListViewController.swift */ = {isa = PBXFileReference; lastKnownFileType = sourcecode.swift; path = BitcoinListViewController.swift; sourceTree = "<group>"; };
		DE556FA7293BC88800100808 /* BitcoinListViewController.xib */ = {isa = PBXFileReference; lastKnownFileType = file.xib; path = BitcoinListViewController.xib; sourceTree = "<group>"; };
		DE556FF0293C11DE00100808 /* BitcoinDetailViewController.swift */ = {isa = PBXFileReference; lastKnownFileType = sourcecode.swift; path = BitcoinDetailViewController.swift; sourceTree = "<group>"; };
		DE556FF1293C11DE00100808 /* BitcoinDetailViewController.xib */ = {isa = PBXFileReference; lastKnownFileType = file.xib; path = BitcoinDetailViewController.xib; sourceTree = "<group>"; };
		DE55700E293C2F8C00100808 /* Domain.framework */ = {isa = PBXFileReference; explicitFileType = wrapper.framework; path = Domain.framework; sourceTree = BUILT_PRODUCTS_DIR; };
		DE557019293C2FFC00100808 /* Domain.framework */ = {isa = PBXFileReference; explicitFileType = wrapper.framework; path = Domain.framework; sourceTree = BUILT_PRODUCTS_DIR; };
		DE55701D293C2FFF00100808 /* HTTPNetwork.framework */ = {isa = PBXFileReference; explicitFileType = wrapper.framework; path = HTTPNetwork.framework; sourceTree = BUILT_PRODUCTS_DIR; };
/* End PBXFileReference section */

/* Begin PBXFrameworksBuildPhase section */
		DE556F6B293BC78C00100808 /* Frameworks */ = {
			isa = PBXFrameworksBuildPhase;
			buildActionMask = 2147483647;
			files = (
				DE55701A293C2FFC00100808 /* Domain.framework in Frameworks */,
				DE55701E293C2FFF00100808 /* HTTPNetwork.framework in Frameworks */,
			);
			runOnlyForDeploymentPostprocessing = 0;
		};
		DE556F81293BC78D00100808 /* Frameworks */ = {
			isa = PBXFrameworksBuildPhase;
			buildActionMask = 2147483647;
			files = (
			);
			runOnlyForDeploymentPostprocessing = 0;
		};
/* End PBXFrameworksBuildPhase section */

/* Begin PBXGroup section */
		DE556F65293BC78C00100808 = {
			isa = PBXGroup;
			children = (
				DE556F70293BC78C00100808 /* Bitcoin-iOS */,
				DE556F87293BC78D00100808 /* Bitcoin-iOSTests */,
				DE556F6F293BC78C00100808 /* Products */,
				DE556FA1293BC86500100808 /* Frameworks */,
			);
			sourceTree = "<group>";
		};
		DE556F6F293BC78C00100808 /* Products */ = {
			isa = PBXGroup;
			children = (
				DE556F6E293BC78C00100808 /* Bitcoin-iOS.app */,
				DE556F84293BC78D00100808 /* Bitcoin-iOSTests.xctest */,
			);
			name = Products;
			sourceTree = "<group>";
		};
		DE556F70293BC78C00100808 /* Bitcoin-iOS */ = {
			isa = PBXGroup;
			children = (
				DE556F71293BC78C00100808 /* AppDelegate.swift */,
				DE556F7A293BC78D00100808 /* Assets.xcassets */,
				DE556F7C293BC78D00100808 /* LaunchScreen.storyboard */,
				DE556F7F293BC78D00100808 /* Info.plist */,
				DE556FA6293BC88800100808 /* BitcoinListViewController.swift */,
				DE556FA7293BC88800100808 /* BitcoinListViewController.xib */,
				DE556FF0293C11DE00100808 /* BitcoinDetailViewController.swift */,
				DE556FF1293C11DE00100808 /* BitcoinDetailViewController.xib */,
			);
			path = "Bitcoin-iOS";
			sourceTree = "<group>";
		};
		DE556F87293BC78D00100808 /* Bitcoin-iOSTests */ = {
			isa = PBXGroup;
			children = (
				DE556F88293BC78D00100808 /* Bitcoin_iOSTests.swift */,
			);
			path = "Bitcoin-iOSTests";
			sourceTree = "<group>";
		};
		DE556FA1293BC86500100808 /* Frameworks */ = {
			isa = PBXGroup;
			children = (
				DE55701D293C2FFF00100808 /* HTTPNetwork.framework */,
				DE557019293C2FFC00100808 /* Domain.framework */,
				DE55700E293C2F8C00100808 /* Domain.framework */,
				DE556FA2293BC86500100808 /* Domain.framework */,
			);
			name = Frameworks;
			sourceTree = "<group>";
		};
/* End PBXGroup section */

/* Begin PBXNativeTarget section */
		DE556F6D293BC78C00100808 /* Bitcoin-iOS */ = {
			isa = PBXNativeTarget;
			buildConfigurationList = DE556F98293BC78D00100808 /* Build configuration list for PBXNativeTarget "Bitcoin-iOS" */;
			buildPhases = (
				DE556F6A293BC78C00100808 /* Sources */,
				DE556F6B293BC78C00100808 /* Frameworks */,
				DE556F6C293BC78C00100808 /* Resources */,
				DE55701C293C2FFD00100808 /* Embed Frameworks */,
			);
			buildRules = (
			);
			dependencies = (
			);
			name = "Bitcoin-iOS";
			productName = "Bitcoin-iOS";
			productReference = DE556F6E293BC78C00100808 /* Bitcoin-iOS.app */;
			productType = "com.apple.product-type.application";
		};
		DE556F83293BC78D00100808 /* Bitcoin-iOSTests */ = {
			isa = PBXNativeTarget;
			buildConfigurationList = DE556F9B293BC78D00100808 /* Build configuration list for PBXNativeTarget "Bitcoin-iOSTests" */;
			buildPhases = (
				DE556F80293BC78D00100808 /* Sources */,
				DE556F81293BC78D00100808 /* Frameworks */,
				DE556F82293BC78D00100808 /* Resources */,
			);
			buildRules = (
			);
			dependencies = (
				DE556F86293BC78D00100808 /* PBXTargetDependency */,
			);
			name = "Bitcoin-iOSTests";
			productName = "Bitcoin-iOSTests";
			productReference = DE556F84293BC78D00100808 /* Bitcoin-iOSTests.xctest */;
			productType = "com.apple.product-type.bundle.unit-test";
		};
/* End PBXNativeTarget section */

/* Begin PBXProject section */
		DE556F66293BC78C00100808 /* Project object */ = {
			isa = PBXProject;
			attributes = {
				BuildIndependentTargetsInParallel = 1;
				LastSwiftUpdateCheck = 1410;
				LastUpgradeCheck = 1410;
				TargetAttributes = {
					DE556F6D293BC78C00100808 = {
						CreatedOnToolsVersion = 14.1;
					};
					DE556F83293BC78D00100808 = {
						CreatedOnToolsVersion = 14.1;
						TestTargetID = DE556F6D293BC78C00100808;
					};
				};
			};
			buildConfigurationList = DE556F69293BC78C00100808 /* Build configuration list for PBXProject "Bitcoin-iOS" */;
			compatibilityVersion = "Xcode 14.0";
			developmentRegion = en;
			hasScannedForEncodings = 0;
			knownRegions = (
				en,
				Base,
			);
			mainGroup = DE556F65293BC78C00100808;
			productRefGroup = DE556F6F293BC78C00100808 /* Products */;
			projectDirPath = "";
			projectRoot = "";
			targets = (
				DE556F6D293BC78C00100808 /* Bitcoin-iOS */,
				DE556F83293BC78D00100808 /* Bitcoin-iOSTests */,
			);
		};
/* End PBXProject section */

/* Begin PBXResourcesBuildPhase section */
		DE556F6C293BC78C00100808 /* Resources */ = {
			isa = PBXResourcesBuildPhase;
			buildActionMask = 2147483647;
			files = (
				DE556F7E293BC78D00100808 /* LaunchScreen.storyboard in Resources */,
				DE556F7B293BC78D00100808 /* Assets.xcassets in Resources */,
				DE556FF3293C11DE00100808 /* BitcoinDetailViewController.xib in Resources */,
				DE556FA9293BC88800100808 /* BitcoinListViewController.xib in Resources */,
			);
			runOnlyForDeploymentPostprocessing = 0;
		};
		DE556F82293BC78D00100808 /* Resources */ = {
			isa = PBXResourcesBuildPhase;
			buildActionMask = 2147483647;
			files = (
			);
			runOnlyForDeploymentPostprocessing = 0;
		};
/* End PBXResourcesBuildPhase section */

/* Begin PBXSourcesBuildPhase section */
		DE556F6A293BC78C00100808 /* Sources */ = {
			isa = PBXSourcesBuildPhase;
			buildActionMask = 2147483647;
			files = (
				DE556FF2293C11DE00100808 /* BitcoinDetailViewController.swift in Sources */,
				DE556F72293BC78C00100808 /* AppDelegate.swift in Sources */,
				DE556FA8293BC88800100808 /* BitcoinListViewController.swift in Sources */,
			);
			runOnlyForDeploymentPostprocessing = 0;
		};
		DE556F80293BC78D00100808 /* Sources */ = {
			isa = PBXSourcesBuildPhase;
			buildActionMask = 2147483647;
			files = (
				DE556F89293BC78D00100808 /* Bitcoin_iOSTests.swift in Sources */,
			);
			runOnlyForDeploymentPostprocessing = 0;
		};
/* End PBXSourcesBuildPhase section */

/* Begin PBXTargetDependency section */
		DE556F86293BC78D00100808 /* PBXTargetDependency */ = {
			isa = PBXTargetDependency;
			target = DE556F6D293BC78C00100808 /* Bitcoin-iOS */;
			targetProxy = DE556F85293BC78D00100808 /* PBXContainerItemProxy */;
		};
/* End PBXTargetDependency section */

/* Begin PBXVariantGroup section */
		DE556F7C293BC78D00100808 /* LaunchScreen.storyboard */ = {
			isa = PBXVariantGroup;
			children = (
				DE556F7D293BC78D00100808 /* Base */,
			);
			name = LaunchScreen.storyboard;
			sourceTree = "<group>";
		};
/* End PBXVariantGroup section */

/* Begin XCBuildConfiguration section */
		DE556F96293BC78D00100808 /* Debug */ = {
			isa = XCBuildConfiguration;
			buildSettings = {
				ALWAYS_SEARCH_USER_PATHS = NO;
				CLANG_ANALYZER_NONNULL = YES;
				CLANG_ANALYZER_NUMBER_OBJECT_CONVERSION = YES_AGGRESSIVE;
				CLANG_CXX_LANGUAGE_STANDARD = "gnu++20";
				CLANG_ENABLE_MODULES = YES;
				CLANG_ENABLE_OBJC_ARC = YES;
				CLANG_ENABLE_OBJC_WEAK = YES;
				CLANG_WARN_BLOCK_CAPTURE_AUTORELEASING = YES;
				CLANG_WARN_BOOL_CONVERSION = YES;
				CLANG_WARN_COMMA = YES;
				CLANG_WARN_CONSTANT_CONVERSION = YES;
				CLANG_WARN_DEPRECATED_OBJC_IMPLEMENTATIONS = YES;
				CLANG_WARN_DIRECT_OBJC_ISA_USAGE = YES_ERROR;
				CLANG_WARN_DOCUMENTATION_COMMENTS = YES;
				CLANG_WARN_EMPTY_BODY = YES;
				CLANG_WARN_ENUM_CONVERSION = YES;
				CLANG_WARN_INFINITE_RECURSION = YES;
				CLANG_WARN_INT_CONVERSION = YES;
				CLANG_WARN_NON_LITERAL_NULL_CONVERSION = YES;
				CLANG_WARN_OBJC_IMPLICIT_RETAIN_SELF = YES;
				CLANG_WARN_OBJC_LITERAL_CONVERSION = YES;
				CLANG_WARN_OBJC_ROOT_CLASS = YES_ERROR;
				CLANG_WARN_QUOTED_INCLUDE_IN_FRAMEWORK_HEADER = YES;
				CLANG_WARN_RANGE_LOOP_ANALYSIS = YES;
				CLANG_WARN_STRICT_PROTOTYPES = YES;
				CLANG_WARN_SUSPICIOUS_MOVE = YES;
				CLANG_WARN_UNGUARDED_AVAILABILITY = YES_AGGRESSIVE;
				CLANG_WARN_UNREACHABLE_CODE = YES;
				CLANG_WARN__DUPLICATE_METHOD_MATCH = YES;
				COPY_PHASE_STRIP = NO;
				DEBUG_INFORMATION_FORMAT = dwarf;
				ENABLE_STRICT_OBJC_MSGSEND = YES;
				ENABLE_TESTABILITY = YES;
				GCC_C_LANGUAGE_STANDARD = gnu11;
				GCC_DYNAMIC_NO_PIC = NO;
				GCC_NO_COMMON_BLOCKS = YES;
				GCC_OPTIMIZATION_LEVEL = 0;
				GCC_PREPROCESSOR_DEFINITIONS = (
					"DEBUG=1",
					"$(inherited)",
				);
				GCC_WARN_64_TO_32_BIT_CONVERSION = YES;
				GCC_WARN_ABOUT_RETURN_TYPE = YES_ERROR;
				GCC_WARN_UNDECLARED_SELECTOR = YES;
				GCC_WARN_UNINITIALIZED_AUTOS = YES_AGGRESSIVE;
				GCC_WARN_UNUSED_FUNCTION = YES;
				GCC_WARN_UNUSED_VARIABLE = YES;
				IPHONEOS_DEPLOYMENT_TARGET = 11.0;
				MTL_ENABLE_DEBUG_INFO = INCLUDE_SOURCE;
				MTL_FAST_MATH = YES;
				ONLY_ACTIVE_ARCH = YES;
				SDKROOT = iphoneos;
				SWIFT_ACTIVE_COMPILATION_CONDITIONS = DEBUG;
				SWIFT_OPTIMIZATION_LEVEL = "-Onone";
			};
			name = Debug;
		};
		DE556F97293BC78D00100808 /* Release */ = {
			isa = XCBuildConfiguration;
			buildSettings = {
				ALWAYS_SEARCH_USER_PATHS = NO;
				CLANG_ANALYZER_NONNULL = YES;
				CLANG_ANALYZER_NUMBER_OBJECT_CONVERSION = YES_AGGRESSIVE;
				CLANG_CXX_LANGUAGE_STANDARD = "gnu++20";
				CLANG_ENABLE_MODULES = YES;
				CLANG_ENABLE_OBJC_ARC = YES;
				CLANG_ENABLE_OBJC_WEAK = YES;
				CLANG_WARN_BLOCK_CAPTURE_AUTORELEASING = YES;
				CLANG_WARN_BOOL_CONVERSION = YES;
				CLANG_WARN_COMMA = YES;
				CLANG_WARN_CONSTANT_CONVERSION = YES;
				CLANG_WARN_DEPRECATED_OBJC_IMPLEMENTATIONS = YES;
				CLANG_WARN_DIRECT_OBJC_ISA_USAGE = YES_ERROR;
				CLANG_WARN_DOCUMENTATION_COMMENTS = YES;
				CLANG_WARN_EMPTY_BODY = YES;
				CLANG_WARN_ENUM_CONVERSION = YES;
				CLANG_WARN_INFINITE_RECURSION = YES;
				CLANG_WARN_INT_CONVERSION = YES;
				CLANG_WARN_NON_LITERAL_NULL_CONVERSION = YES;
				CLANG_WARN_OBJC_IMPLICIT_RETAIN_SELF = YES;
				CLANG_WARN_OBJC_LITERAL_CONVERSION = YES;
				CLANG_WARN_OBJC_ROOT_CLASS = YES_ERROR;
				CLANG_WARN_QUOTED_INCLUDE_IN_FRAMEWORK_HEADER = YES;
				CLANG_WARN_RANGE_LOOP_ANALYSIS = YES;
				CLANG_WARN_STRICT_PROTOTYPES = YES;
				CLANG_WARN_SUSPICIOUS_MOVE = YES;
				CLANG_WARN_UNGUARDED_AVAILABILITY = YES_AGGRESSIVE;
				CLANG_WARN_UNREACHABLE_CODE = YES;
				CLANG_WARN__DUPLICATE_METHOD_MATCH = YES;
				COPY_PHASE_STRIP = NO;
				DEBUG_INFORMATION_FORMAT = "dwarf-with-dsym";
				ENABLE_NS_ASSERTIONS = NO;
				ENABLE_STRICT_OBJC_MSGSEND = YES;
				GCC_C_LANGUAGE_STANDARD = gnu11;
				GCC_NO_COMMON_BLOCKS = YES;
				GCC_WARN_64_TO_32_BIT_CONVERSION = YES;
				GCC_WARN_ABOUT_RETURN_TYPE = YES_ERROR;
				GCC_WARN_UNDECLARED_SELECTOR = YES;
				GCC_WARN_UNINITIALIZED_AUTOS = YES_AGGRESSIVE;
				GCC_WARN_UNUSED_FUNCTION = YES;
				GCC_WARN_UNUSED_VARIABLE = YES;
				IPHONEOS_DEPLOYMENT_TARGET = 11.0;
				MTL_ENABLE_DEBUG_INFO = NO;
				MTL_FAST_MATH = YES;
				SDKROOT = iphoneos;
				SWIFT_COMPILATION_MODE = wholemodule;
				SWIFT_OPTIMIZATION_LEVEL = "-O";
				VALIDATE_PRODUCT = YES;
			};
			name = Release;
		};
		DE556F99293BC78D00100808 /* Debug */ = {
			isa = XCBuildConfiguration;
			buildSettings = {
				ASSETCATALOG_COMPILER_APPICON_NAME = AppIcon;
				ASSETCATALOG_COMPILER_GLOBAL_ACCENT_COLOR_NAME = AccentColor;
				CODE_SIGN_STYLE = Automatic;
				CURRENT_PROJECT_VERSION = 1;
				DEVELOPMENT_TEAM = EH5494EZG6;
				GENERATE_INFOPLIST_FILE = YES;
				INFOPLIST_FILE = "Bitcoin-iOS/Info.plist";
				INFOPLIST_KEY_UIApplicationSupportsIndirectInputEvents = YES;
				INFOPLIST_KEY_UILaunchStoryboardName = LaunchScreen;
				INFOPLIST_KEY_UISupportedInterfaceOrientations = "UIInterfaceOrientationLandscapeLeft UIInterfaceOrientationLandscapeRight UIInterfaceOrientationPortrait";
				IPHONEOS_DEPLOYMENT_TARGET = 11.0;
				LD_RUNPATH_SEARCH_PATHS = (
					"$(inherited)",
					"@executable_path/Frameworks",
				);
				MARKETING_VERSION = 1.0;
				PRODUCT_BUNDLE_IDENTIFIER = "feed-bitcoin-2300.com.Bitcoin-iOS";
				PRODUCT_NAME = "$(TARGET_NAME)";
				SWIFT_EMIT_LOC_STRINGS = YES;
				SWIFT_VERSION = 5.0;
				TARGETED_DEVICE_FAMILY = "1,2";
			};
			name = Debug;
		};
		DE556F9A293BC78D00100808 /* Release */ = {
			isa = XCBuildConfiguration;
			buildSettings = {
				ASSETCATALOG_COMPILER_APPICON_NAME = AppIcon;
				ASSETCATALOG_COMPILER_GLOBAL_ACCENT_COLOR_NAME = AccentColor;
				CODE_SIGN_STYLE = Automatic;
				CURRENT_PROJECT_VERSION = 1;
				DEVELOPMENT_TEAM = EH5494EZG6;
				GENERATE_INFOPLIST_FILE = YES;
				INFOPLIST_FILE = "Bitcoin-iOS/Info.plist";
				INFOPLIST_KEY_UIApplicationSupportsIndirectInputEvents = YES;
				INFOPLIST_KEY_UILaunchStoryboardName = LaunchScreen;
				INFOPLIST_KEY_UISupportedInterfaceOrientations = "UIInterfaceOrientationLandscapeLeft UIInterfaceOrientationLandscapeRight UIInterfaceOrientationPortrait";
				IPHONEOS_DEPLOYMENT_TARGET = 11.0;
				LD_RUNPATH_SEARCH_PATHS = (
					"$(inherited)",
					"@executable_path/Frameworks",
				);
				MARKETING_VERSION = 1.0;
				PRODUCT_BUNDLE_IDENTIFIER = "feed-bitcoin-2300.com.Bitcoin-iOS";
				PRODUCT_NAME = "$(TARGET_NAME)";
				SWIFT_EMIT_LOC_STRINGS = YES;
				SWIFT_VERSION = 5.0;
				TARGETED_DEVICE_FAMILY = "1,2";
			};
			name = Release;
		};
		DE556F9C293BC78D00100808 /* Debug */ = {
			isa = XCBuildConfiguration;
			buildSettings = {
				ALWAYS_EMBED_SWIFT_STANDARD_LIBRARIES = YES;
				BUNDLE_LOADER = "$(TEST_HOST)";
				CODE_SIGN_STYLE = Automatic;
				CURRENT_PROJECT_VERSION = 1;
				DEVELOPMENT_TEAM = EH5494EZG6;
				GENERATE_INFOPLIST_FILE = YES;
				IPHONEOS_DEPLOYMENT_TARGET = 16.1;
				MARKETING_VERSION = 1.0;
				PRODUCT_BUNDLE_IDENTIFIER = "feed-bitcoin-2300.com.Bitcoin-iOSTests";
				PRODUCT_NAME = "$(TARGET_NAME)";
				SWIFT_EMIT_LOC_STRINGS = NO;
				SWIFT_VERSION = 5.0;
				TARGETED_DEVICE_FAMILY = "1,2";
				TEST_HOST = "$(BUILT_PRODUCTS_DIR)/Bitcoin-iOS.app/$(BUNDLE_EXECUTABLE_FOLDER_PATH)/Bitcoin-iOS";
			};
			name = Debug;
		};
		DE556F9D293BC78D00100808 /* Release */ = {
			isa = XCBuildConfiguration;
			buildSettings = {
				ALWAYS_EMBED_SWIFT_STANDARD_LIBRARIES = YES;
				BUNDLE_LOADER = "$(TEST_HOST)";
				CODE_SIGN_STYLE = Automatic;
				CURRENT_PROJECT_VERSION = 1;
				DEVELOPMENT_TEAM = EH5494EZG6;
				GENERATE_INFOPLIST_FILE = YES;
				IPHONEOS_DEPLOYMENT_TARGET = 16.1;
				MARKETING_VERSION = 1.0;
				PRODUCT_BUNDLE_IDENTIFIER = "feed-bitcoin-2300.com.Bitcoin-iOSTests";
				PRODUCT_NAME = "$(TARGET_NAME)";
				SWIFT_EMIT_LOC_STRINGS = NO;
				SWIFT_VERSION = 5.0;
				TARGETED_DEVICE_FAMILY = "1,2";
				TEST_HOST = "$(BUILT_PRODUCTS_DIR)/Bitcoin-iOS.app/$(BUNDLE_EXECUTABLE_FOLDER_PATH)/Bitcoin-iOS";
			};
			name = Release;
		};
/* End XCBuildConfiguration section */

/* Begin XCConfigurationList section */
		DE556F69293BC78C00100808 /* Build configuration list for PBXProject "Bitcoin-iOS" */ = {
			isa = XCConfigurationList;
			buildConfigurations = (
				DE556F96293BC78D00100808 /* Debug */,
				DE556F97293BC78D00100808 /* Release */,
			);
			defaultConfigurationIsVisible = 0;
			defaultConfigurationName = Release;
		};
		DE556F98293BC78D00100808 /* Build configuration list for PBXNativeTarget "Bitcoin-iOS" */ = {
			isa = XCConfigurationList;
			buildConfigurations = (
				DE556F99293BC78D00100808 /* Debug */,
				DE556F9A293BC78D00100808 /* Release */,
			);
			defaultConfigurationIsVisible = 0;
			defaultConfigurationName = Release;
		};
		DE556F9B293BC78D00100808 /* Build configuration list for PBXNativeTarget "Bitcoin-iOSTests" */ = {
			isa = XCConfigurationList;
			buildConfigurations = (
				DE556F9C293BC78D00100808 /* Debug */,
				DE556F9D293BC78D00100808 /* Release */,
			);
			defaultConfigurationIsVisible = 0;
			defaultConfigurationName = Release;
		};
/* End XCConfigurationList section */
	};
	rootObject = DE556F66293BC78C00100808 /* Project object */;
}
